
Microsoft Visual Studio Solution File, Format Version 12.00
# Visual Studio 15
VisualStudioVersion = 15.0.27004.2009
MinimumVisualStudioVersion = 10.0.40219.1
Project("{FAE04EC0-301F-11D3-BF4B-00C04F79EFBC}") = "sims_2", "sims_2\sims_2.csproj", "{7140971B-F8CF-410B-85ED-706B8BE6BE2A}"
EndProject
Global
	GlobalSection(SolutionConfigurationPlatforms) = preSolution
		Debug|Any CPU = Debug|Any CPU
		Release|Any CPU = Release|Any CPU
	EndGlobalSection
	GlobalSection(ProjectConfigurationPlatforms) = postSolution
		{7140971B-F8CF-410B-85ED-706B8BE6BE2A}.Debug|Any CPU.ActiveCfg = Debug|Any CPU
		{7140971B-F8CF-410B-85ED-706B8BE6BE2A}.Debug|Any CPU.Build.0 = Debug|Any CPU
		{7140971B-F8CF-410B-85ED-706B8BE6BE2A}.Release|Any CPU.ActiveCfg = Release|Any CPU
		{7140971B-F8CF-410B-85ED-706B8BE6BE2A}.Release|Any CPU.Build.0 = Release|Any CPU
	EndGlobalSection
	GlobalSection(SolutionProperties) = preSolution
		HideSolutionNode = FALSE
	EndGlobalSection
	GlobalSection(ExtensibilityGlobals) = postSolution
		SolutionGuid = {E6D082B9-517B-4CA0-A359-D2DFFC507B1F}
	EndGlobalSection
EndGlobal
